
Microsoft Visual Studio Solution File, Format Version 12.00
# Visual Studio Version 17
VisualStudioVersion = 17.5.002.0
MinimumVisualStudioVersion = 10.0.40219.1
Project("{2150E333-8FDC-42A3-9474-1A3956D46DE8}") = "quickstarts", "quickstarts", "{DDF1D3FE-DA0F-4634-961C-BBDA29945A8B}"
EndProject
Project("{2150E333-8FDC-42A3-9474-1A3956D46DE8}") = "microsoft.customproviders", "microsoft.customproviders", "{CB09BA22-2C3E-4AA7-8A0E-AF2C6F91774A}"
EndProject
Project("{2150E333-8FDC-42A3-9474-1A3956D46DE8}") = "custom-rp-with-function", "custom-rp-with-function", "{BCCAA964-C2E3-4611-8B7A-4A910812C836}"
EndProject
Project("{9A19103F-16F7-4668-BE54-9A1E7A4F7556}") = "extensions", "quickstarts\microsoft.customproviders\custom-rp-with-function\src\extensions.csproj", "{BD91FD7D-5368-4B24-AC54-69633A1BB414}"
EndProject
Global
	GlobalSection(SolutionConfigurationPlatforms) = preSolution
		Debug|Any CPU = Debug|Any CPU
		Release|Any CPU = Release|Any CPU
	EndGlobalSection
	GlobalSection(ProjectConfigurationPlatforms) = postSolution
		{BD91FD7D-5368-4B24-AC54-69633A1BB414}.Debug|Any CPU.ActiveCfg = Debug|Any CPU
		{BD91FD7D-5368-4B24-AC54-69633A1BB414}.Debug|Any CPU.Build.0 = Debug|Any CPU
		{BD91FD7D-5368-4B24-AC54-69633A1BB414}.Release|Any CPU.ActiveCfg = Release|Any CPU
		{BD91FD7D-5368-4B24-AC54-69633A1BB414}.Release|Any CPU.Build.0 = Release|Any CPU
	EndGlobalSection
	GlobalSection(SolutionProperties) = preSolution
		HideSolutionNode = FALSE
	EndGlobalSection
	GlobalSection(NestedProjects) = preSolution
		{CB09BA22-2C3E-4AA7-8A0E-AF2C6F91774A} = {DDF1D3FE-DA0F-4634-961C-BBDA29945A8B}
		{BCCAA964-C2E3-4611-8B7A-4A910812C836} = {CB09BA22-2C3E-4AA7-8A0E-AF2C6F91774A}
		{BD91FD7D-5368-4B24-AC54-69633A1BB414} = {BCCAA964-C2E3-4611-8B7A-4A910812C836}
	EndGlobalSection
	GlobalSection(ExtensibilityGlobals) = postSolution
		SolutionGuid = {3D536DE0-9570-4235-8AB5-FB22D24B9BBC}
	EndGlobalSection
EndGlobal
